// !$*UTF8*$!
{
	archiveVersion = 1;
	classes = {
	};
	objectVersion = 46;
	objects = {

/* Begin PBXAggregateTarget section */
		8539BA4900F76315F71E35DB /* ZERO_CHECK */ = {
			isa = PBXAggregateTarget;
			buildConfigurationList = 7A605D8A45D44ACA948A13E1 /* Build configuration list for PBXAggregateTarget "ZERO_CHECK" */;
			buildPhases = (
				C0B2A17904F075F5A921BE02 /* Generate CMakeFiles/ZERO_CHECK */,
			);
			dependencies = (
			);
			name = ZERO_CHECK;
			productName = ZERO_CHECK;
		};
		D75014E4317DB050E1011050 /* ALL_BUILD */ = {
			isa = PBXAggregateTarget;
			buildConfigurationList = 589470B9EC7046C992ED903A /* Build configuration list for PBXAggregateTarget "ALL_BUILD" */;
			buildPhases = (
				6D080BD9C166046B380C5E62 /* Generate CMakeFiles/ALL_BUILD */,
			);
			dependencies = (
				583AA14B61334D11B31572BA /* PBXTargetDependency */,
				78D399023B404BF5B3360E00 /* PBXTargetDependency */,
				3C80D0AC3C2344CD867AC915 /* PBXTargetDependency */,
			);
			name = ALL_BUILD;
			productName = ALL_BUILD;
		};
/* End PBXAggregateTarget section */

/* Begin PBXBuildFile section */
		0D602534A3E745C79B52A3AB /* /Users/williambogdanovic/Desktop/simulations/SoA/src/GUI.cpp */ = {isa = PBXBuildFile; fileRef = 620C662531044862B53B8B30 /* /Users/williambogdanovic/Desktop/simulations/SoA/src/GUI.cpp */; };
		1296F9994B1744C69393A6CC /* /Users/williambogdanovic/Desktop/simulations/SoA/src/main.cpp */ = {isa = PBXBuildFile; fileRef = A1233D44436D43DD897CE46D /* /Users/williambogdanovic/Desktop/simulations/SoA/src/main.cpp */; };
		15C3F5F320324772BC01EC73 /* /Users/williambogdanovic/Desktop/simulations/SoA/src/SIMDIntegration.cpp */ = {isa = PBXBuildFile; fileRef = F13835B481A44FE1B3CD81CF /* /Users/williambogdanovic/Desktop/simulations/SoA/src/SIMDIntegration.cpp */; };
		2B036E191AD144328D7129BF /* /Users/williambogdanovic/Desktop/simulations/SoA/external/imgui/imgui.cpp */ = {isa = PBXBuildFile; fileRef = E57AEC3272304E33A865EB50 /* /Users/williambogdanovic/Desktop/simulations/SoA/external/imgui/imgui.cpp */; };
		45A01A1915284CC3A7FDF17D /* /Users/williambogdanovic/Desktop/simulations/SoA/src/SimulationCreation.cpp */ = {isa = PBXBuildFile; fileRef = 9A06288C406046669A89B6FE /* /Users/williambogdanovic/Desktop/simulations/SoA/src/SimulationCreation.cpp */; };
		59CA32B19AF1430A9D848D60 /* /Users/williambogdanovic/Desktop/simulations/SoA/external/imgui/backends/imgui_impl_opengl3.cpp */ = {isa = PBXBuildFile; fileRef = E85A0D14CCD64576B14C9EEE /* /Users/williambogdanovic/Desktop/simulations/SoA/external/imgui/backends/imgui_impl_opengl3.cpp */; };
		65205FA4C3E949529CBC1437 /* /Users/williambogdanovic/Desktop/simulations/SoA/src/Renderer.cpp */ = {isa = PBXBuildFile; fileRef = FF21E5FD3CA64412B0D18F9F /* /Users/williambogdanovic/Desktop/simulations/SoA/src/Renderer.cpp */; };
		7FBE977D913F4F5A9ED99D7E /* /Users/williambogdanovic/Desktop/simulations/SoA/src/Shader.cpp */ = {isa = PBXBuildFile; fileRef = 4A77E0AFB23346A09EFBC71A /* /Users/williambogdanovic/Desktop/simulations/SoA/src/Shader.cpp */; };
		8091EE6869744D9E81FB3A82 /* /Users/williambogdanovic/Desktop/simulations/SoA/src/Link.cpp */ = {isa = PBXBuildFile; fileRef = FE74E084348742F38763B24A /* /Users/williambogdanovic/Desktop/simulations/SoA/src/Link.cpp */; };
		91D0871645EB455C97D329AC /* /Users/williambogdanovic/Desktop/simulations/SoA/external/imgui/imgui_demo.cpp */ = {isa = PBXBuildFile; fileRef = AAC000BB35D24CCFB56AE5E3 /* /Users/williambogdanovic/Desktop/simulations/SoA/external/imgui/imgui_demo.cpp */; };
		95FA9D6B35124B63A3D65674 /* /Users/williambogdanovic/Desktop/simulations/SoA/CMakeLists.txt */ = {isa = PBXBuildFile; fileRef = AD4C75AC2EA841279DA89CAF /* /Users/williambogdanovic/Desktop/simulations/SoA/CMakeLists.txt */; };
		B0653FE06FB54E2F9B4F8C0F /* /Users/williambogdanovic/Desktop/simulations/SoA/external/imgui/imgui_draw.cpp */ = {isa = PBXBuildFile; fileRef = E27B6CE4B12240A7949C0F67 /* /Users/williambogdanovic/Desktop/simulations/SoA/external/imgui/imgui_draw.cpp */; };
		B74321FEEAE84C53B739FE5F /* /Users/williambogdanovic/Desktop/simulations/SoA/CMakeLists.txt */ = {isa = PBXBuildFile; fileRef = 8A91F25DA2C54AEEAB9CB520 /* /Users/williambogdanovic/Desktop/simulations/SoA/CMakeLists.txt */; };
		C175DF60B4464A8F8D8CC49F /* /Users/williambogdanovic/Desktop/simulations/SoA/glimac/third-party/glad/src/glad.c */ = {isa = PBXBuildFile; fileRef = DF0C3E2158A7492585FEDA2F /* /Users/williambogdanovic/Desktop/simulations/SoA/glimac/third-party/glad/src/glad.c */; };
		CB4DA71DC4FE4993BFA14E35 /* /Users/williambogdanovic/Desktop/simulations/SoA/external/imgui/imgui_widgets.cpp */ = {isa = PBXBuildFile; fileRef = 93A229492FCD44FE8BC83263 /* /Users/williambogdanovic/Desktop/simulations/SoA/external/imgui/imgui_widgets.cpp */; };
		EB307C2880234CA6B14ACFFC /* /Users/williambogdanovic/Desktop/simulations/SoA/external/imgui/imgui_tables.cpp */ = {isa = PBXBuildFile; fileRef = CF37CA09523D47C79EA16178 /* /Users/williambogdanovic/Desktop/simulations/SoA/external/imgui/imgui_tables.cpp */; };
		F8CBDA8839154294B5155D14 /* /Users/williambogdanovic/Desktop/simulations/SoA/external/imgui/backends/imgui_impl_sdl2.cpp */ = {isa = PBXBuildFile; fileRef = 6A9437911AF443808153CA8D /* /Users/williambogdanovic/Desktop/simulations/SoA/external/imgui/backends/imgui_impl_sdl2.cpp */; };
		FD7F918F8BFE4BFD8F00EF5A /* /Users/williambogdanovic/Desktop/simulations/SoA/src/Simulation.cpp */ = {isa = PBXBuildFile; fileRef = 643DA8CA99904C1C906BD6E7 /* /Users/williambogdanovic/Desktop/simulations/SoA/src/Simulation.cpp */; };
/* End PBXBuildFile section */

/* Begin PBXBuildStyle section */
		3F132C4D8E5043B0970234C2 /* MinSizeRel */ = {
			isa = PBXBuildStyle;
			buildSettings = {
				COPY_PHASE_STRIP = NO;
			};
			name = MinSizeRel;
		};
		4DC7337B218C4DA9800940A6 /* Release */ = {
			isa = PBXBuildStyle;
			buildSettings = {
				COPY_PHASE_STRIP = NO;
			};
			name = Release;
		};
		C67D3E10CF8840AD82C4B1AE /* Debug */ = {
			isa = PBXBuildStyle;
			buildSettings = {
				COPY_PHASE_STRIP = NO;
			};
			name = Debug;
		};
		D58F7AA5084F431291B21687 /* RelWithDebInfo */ = {
			isa = PBXBuildStyle;
			buildSettings = {
				COPY_PHASE_STRIP = NO;
			};
			name = RelWithDebInfo;
		};
/* End PBXBuildStyle section */

/* Begin PBXContainerItemProxy section */
		46ECE4C603CD499783FA5D58 /* PBXContainerItemProxy */ = {
			isa = PBXContainerItemProxy;
			containerPortal = A1EFF2D6A0F1422882AE07D9 /* Project object */;
			proxyType = 1;
			remoteGlobalIDString = 8539BA4900F76315F71E35DB;
			remoteInfo = ZERO_CHECK;
		};
		4E172CA08F434004B70516AE /* PBXContainerItemProxy */ = {
			isa = PBXContainerItemProxy;
			containerPortal = A1EFF2D6A0F1422882AE07D9 /* Project object */;
			proxyType = 1;
			remoteGlobalIDString = 8539BA4900F76315F71E35DB;
			remoteInfo = ZERO_CHECK;
		};
		87F975F2103546B090550D3B /* PBXContainerItemProxy */ = {
			isa = PBXContainerItemProxy;
			containerPortal = A1EFF2D6A0F1422882AE07D9 /* Project object */;
			proxyType = 1;
			remoteGlobalIDString = D2E288B82FA5CF409098D949;
			remoteInfo = glad;
		};
		8EAEC1E85EBE412E89BD872B /* PBXContainerItemProxy */ = {
			isa = PBXContainerItemProxy;
			containerPortal = A1EFF2D6A0F1422882AE07D9 /* Project object */;
			proxyType = 1;
			remoteGlobalIDString = 9731CA41C57C5728ACF7EF0F;
			remoteInfo = BallsSimulation;
		};
		96B8E6109E764AFA936FFF3F /* PBXContainerItemProxy */ = {
			isa = PBXContainerItemProxy;
			containerPortal = A1EFF2D6A0F1422882AE07D9 /* Project object */;
			proxyType = 1;
			remoteGlobalIDString = D2E288B82FA5CF409098D949;
			remoteInfo = glad;
		};
		CBE7C881D8EE48DB96262EC7 /* PBXContainerItemProxy */ = {
			isa = PBXContainerItemProxy;
			containerPortal = A1EFF2D6A0F1422882AE07D9 /* Project object */;
			proxyType = 1;
			remoteGlobalIDString = 8539BA4900F76315F71E35DB;
			remoteInfo = ZERO_CHECK;
		};
/* End PBXContainerItemProxy section */

/* Begin PBXFileReference section */
		4A77E0AFB23346A09EFBC71A /* /Users/williambogdanovic/Desktop/simulations/SoA/src/Shader.cpp */ = {isa = PBXFileReference; explicitFileType = sourcecode.cpp.cpp; fileEncoding = 4; name = Shader.cpp; path = src/Shader.cpp; sourceTree = SOURCE_ROOT; };
		620C662531044862B53B8B30 /* /Users/williambogdanovic/Desktop/simulations/SoA/src/GUI.cpp */ = {isa = PBXFileReference; explicitFileType = sourcecode.cpp.cpp; fileEncoding = 4; name = GUI.cpp; path = src/GUI.cpp; sourceTree = SOURCE_ROOT; };
		643DA8CA99904C1C906BD6E7 /* /Users/williambogdanovic/Desktop/simulations/SoA/src/Simulation.cpp */ = {isa = PBXFileReference; explicitFileType = sourcecode.cpp.cpp; fileEncoding = 4; name = Simulation.cpp; path = src/Simulation.cpp; sourceTree = SOURCE_ROOT; };
		6A9437911AF443808153CA8D /* /Users/williambogdanovic/Desktop/simulations/SoA/external/imgui/backends/imgui_impl_sdl2.cpp */ = {isa = PBXFileReference; explicitFileType = sourcecode.cpp.cpp; fileEncoding = 4; name = imgui_impl_sdl2.cpp; path = external/imgui/backends/imgui_impl_sdl2.cpp; sourceTree = SOURCE_ROOT; };
		7D8AAA91D6474D52A564F243 /* /Users/williambogdanovic/Desktop/simulations/SoA/CMakeLists.txt */ = {isa = PBXFileReference; explicitFileType = sourcecode.text; fileEncoding = 4; name = CMakeLists.txt; path = CMakeLists.txt; sourceTree = SOURCE_ROOT; };
		8A91F25DA2C54AEEAB9CB520 /* /Users/williambogdanovic/Desktop/simulations/SoA/CMakeLists.txt */ = {isa = PBXFileReference; explicitFileType = sourcecode.text; fileEncoding = 4; name = CMakeLists.txt; path = CMakeLists.txt; sourceTree = SOURCE_ROOT; };
		93A229492FCD44FE8BC83263 /* /Users/williambogdanovic/Desktop/simulations/SoA/external/imgui/imgui_widgets.cpp */ = {isa = PBXFileReference; explicitFileType = sourcecode.cpp.cpp; fileEncoding = 4; name = imgui_widgets.cpp; path = external/imgui/imgui_widgets.cpp; sourceTree = SOURCE_ROOT; };
		99EAAD39965B441C89668123 /* glad */ = {isa = PBXFileReference; explicitFileType = archive.ar; path = libglad.a; sourceTree = BUILT_PRODUCTS_DIR; };
		9A06288C406046669A89B6FE /* /Users/williambogdanovic/Desktop/simulations/SoA/src/SimulationCreation.cpp */ = {isa = PBXFileReference; explicitFileType = sourcecode.cpp.cpp; fileEncoding = 4; name = SimulationCreation.cpp; path = src/SimulationCreation.cpp; sourceTree = SOURCE_ROOT; };
		A1233D44436D43DD897CE46D /* /Users/williambogdanovic/Desktop/simulations/SoA/src/main.cpp */ = {isa = PBXFileReference; explicitFileType = sourcecode.cpp.cpp; fileEncoding = 4; name = main.cpp; path = src/main.cpp; sourceTree = SOURCE_ROOT; };
		AAC000BB35D24CCFB56AE5E3 /* /Users/williambogdanovic/Desktop/simulations/SoA/external/imgui/imgui_demo.cpp */ = {isa = PBXFileReference; explicitFileType = sourcecode.cpp.cpp; fileEncoding = 4; name = imgui_demo.cpp; path = external/imgui/imgui_demo.cpp; sourceTree = SOURCE_ROOT; };
		AD4C75AC2EA841279DA89CAF /* /Users/williambogdanovic/Desktop/simulations/SoA/CMakeLists.txt */ = {isa = PBXFileReference; explicitFileType = sourcecode.text; fileEncoding = 4; name = CMakeLists.txt; path = CMakeLists.txt; sourceTree = SOURCE_ROOT; };
		CF37CA09523D47C79EA16178 /* /Users/williambogdanovic/Desktop/simulations/SoA/external/imgui/imgui_tables.cpp */ = {isa = PBXFileReference; explicitFileType = sourcecode.cpp.cpp; fileEncoding = 4; name = imgui_tables.cpp; path = external/imgui/imgui_tables.cpp; sourceTree = SOURCE_ROOT; };
		DF0C3E2158A7492585FEDA2F /* /Users/williambogdanovic/Desktop/simulations/SoA/glimac/third-party/glad/src/glad.c */ = {isa = PBXFileReference; explicitFileType = sourcecode.c.c; fileEncoding = 4; name = glad.c; path = "glimac/third-party/glad/src/glad.c"; sourceTree = SOURCE_ROOT; };
		E27B6CE4B12240A7949C0F67 /* /Users/williambogdanovic/Desktop/simulations/SoA/external/imgui/imgui_draw.cpp */ = {isa = PBXFileReference; explicitFileType = sourcecode.cpp.cpp; fileEncoding = 4; name = imgui_draw.cpp; path = external/imgui/imgui_draw.cpp; sourceTree = SOURCE_ROOT; };
		E57AEC3272304E33A865EB50 /* /Users/williambogdanovic/Desktop/simulations/SoA/external/imgui/imgui.cpp */ = {isa = PBXFileReference; explicitFileType = sourcecode.cpp.cpp; fileEncoding = 4; name = imgui.cpp; path = external/imgui/imgui.cpp; sourceTree = SOURCE_ROOT; };
		E85A0D14CCD64576B14C9EEE /* /Users/williambogdanovic/Desktop/simulations/SoA/external/imgui/backends/imgui_impl_opengl3.cpp */ = {isa = PBXFileReference; explicitFileType = sourcecode.cpp.cpp; fileEncoding = 4; name = imgui_impl_opengl3.cpp; path = external/imgui/backends/imgui_impl_opengl3.cpp; sourceTree = SOURCE_ROOT; };
		EE0FF291E6AD4B31A776FD8E /* BallsSimulation */ = {isa = PBXFileReference; explicitFileType = "compiled.mach-o.executable"; path = BallsSimulation; sourceTree = BUILT_PRODUCTS_DIR; };
		F13835B481A44FE1B3CD81CF /* /Users/williambogdanovic/Desktop/simulations/SoA/src/SIMDIntegration.cpp */ = {isa = PBXFileReference; explicitFileType = sourcecode.cpp.cpp; fileEncoding = 4; name = SIMDIntegration.cpp; path = src/SIMDIntegration.cpp; sourceTree = SOURCE_ROOT; };
		FE74E084348742F38763B24A /* /Users/williambogdanovic/Desktop/simulations/SoA/src/Link.cpp */ = {isa = PBXFileReference; explicitFileType = sourcecode.cpp.cpp; fileEncoding = 4; name = Link.cpp; path = src/Link.cpp; sourceTree = SOURCE_ROOT; };
		FF21E5FD3CA64412B0D18F9F /* /Users/williambogdanovic/Desktop/simulations/SoA/src/Renderer.cpp */ = {isa = PBXFileReference; explicitFileType = sourcecode.cpp.cpp; fileEncoding = 4; name = Renderer.cpp; path = src/Renderer.cpp; sourceTree = SOURCE_ROOT; };
/* End PBXFileReference section */

/* Begin PBXFrameworksBuildPhase section */
		84A27B05E4FC40E2BF9D435D /* Frameworks */ = {
			isa = PBXFrameworksBuildPhase;
			buildActionMask = 2147483647;
			files = (
			);
			runOnlyForDeploymentPostprocessing = 0;
		};
		A622D2AE4A0147AAB8508EE7 /* Frameworks */ = {
			isa = PBXFrameworksBuildPhase;
			buildActionMask = 2147483647;
			files = (
			);
			runOnlyForDeploymentPostprocessing = 0;
		};
/* End PBXFrameworksBuildPhase section */

/* Begin PBXGroup section */
		17185303D9C641C28EA454E1 /* BallsSimulation */ = {
			isa = PBXGroup;
			children = (
				2FB48978DA3C4193BAFDA01F /* Source Files */,
				AD4C75AC2EA841279DA89CAF /* /Users/williambogdanovic/Desktop/simulations/SoA/CMakeLists.txt */,
			);
			name = BallsSimulation;
			sourceTree = "<group>";
		};
		2FB48978DA3C4193BAFDA01F /* Source Files */ = {
			isa = PBXGroup;
			children = (
				E85A0D14CCD64576B14C9EEE /* /Users/williambogdanovic/Desktop/simulations/SoA/external/imgui/backends/imgui_impl_opengl3.cpp */,
				6A9437911AF443808153CA8D /* /Users/williambogdanovic/Desktop/simulations/SoA/external/imgui/backends/imgui_impl_sdl2.cpp */,
				E57AEC3272304E33A865EB50 /* /Users/williambogdanovic/Desktop/simulations/SoA/external/imgui/imgui.cpp */,
				AAC000BB35D24CCFB56AE5E3 /* /Users/williambogdanovic/Desktop/simulations/SoA/external/imgui/imgui_demo.cpp */,
				E27B6CE4B12240A7949C0F67 /* /Users/williambogdanovic/Desktop/simulations/SoA/external/imgui/imgui_draw.cpp */,
				CF37CA09523D47C79EA16178 /* /Users/williambogdanovic/Desktop/simulations/SoA/external/imgui/imgui_tables.cpp */,
				93A229492FCD44FE8BC83263 /* /Users/williambogdanovic/Desktop/simulations/SoA/external/imgui/imgui_widgets.cpp */,
				620C662531044862B53B8B30 /* /Users/williambogdanovic/Desktop/simulations/SoA/src/GUI.cpp */,
				FE74E084348742F38763B24A /* /Users/williambogdanovic/Desktop/simulations/SoA/src/Link.cpp */,
				FF21E5FD3CA64412B0D18F9F /* /Users/williambogdanovic/Desktop/simulations/SoA/src/Renderer.cpp */,
				F13835B481A44FE1B3CD81CF /* /Users/williambogdanovic/Desktop/simulations/SoA/src/SIMDIntegration.cpp */,
				4A77E0AFB23346A09EFBC71A /* /Users/williambogdanovic/Desktop/simulations/SoA/src/Shader.cpp */,
				643DA8CA99904C1C906BD6E7 /* /Users/williambogdanovic/Desktop/simulations/SoA/src/Simulation.cpp */,
				9A06288C406046669A89B6FE /* /Users/williambogdanovic/Desktop/simulations/SoA/src/SimulationCreation.cpp */,
				A1233D44436D43DD897CE46D /* /Users/williambogdanovic/Desktop/simulations/SoA/src/main.cpp */,
			);
			name = "Source Files";
			sourceTree = "<group>";
		};
		590516BABD154B4A891F11B9 /* Products */ = {
			isa = PBXGroup;
			children = (
				EE0FF291E6AD4B31A776FD8E /* BallsSimulation */,
				99EAAD39965B441C89668123 /* glad */,
			);
			name = Products;
			sourceTree = "<group>";
		};
		7D84AAB000F44A2C91A79BB4 /* Frameworks */ = {
			isa = PBXGroup;
			children = (
			);
			name = Frameworks;
			sourceTree = "<group>";
		};
		9B2993C37BA8424DADFA805F /* ALL_BUILD */ = {
			isa = PBXGroup;
			children = (
				CCBF26878C4E4B07A44CC8BC /* CMake Rules */,
				7D8AAA91D6474D52A564F243 /* /Users/williambogdanovic/Desktop/simulations/SoA/CMakeLists.txt */,
			);
			name = ALL_BUILD;
			sourceTree = "<group>";
		};
		B5E149B8374B46398B01097E = {
			isa = PBXGroup;
			children = (
				17185303D9C641C28EA454E1 /* BallsSimulation */,
				CE7291C107534EF6BBCB028A /* glad */,
				9B2993C37BA8424DADFA805F /* ALL_BUILD */,
				590516BABD154B4A891F11B9 /* Products */,
				7D84AAB000F44A2C91A79BB4 /* Frameworks */,
				D5917B57AF54458B846AC40B /* Resources */,
			);
			sourceTree = "<group>";
		};
		CCBF26878C4E4B07A44CC8BC /* CMake Rules */ = {
			isa = PBXGroup;
			children = (
			);
			name = "CMake Rules";
			sourceTree = "<group>";
		};
		CE7291C107534EF6BBCB028A /* glad */ = {
			isa = PBXGroup;
			children = (
				DBC2C23A63A0466A8FD85FCD /* Source Files */,
				8A91F25DA2C54AEEAB9CB520 /* /Users/williambogdanovic/Desktop/simulations/SoA/CMakeLists.txt */,
			);
			name = glad;
			sourceTree = "<group>";
		};
		D5917B57AF54458B846AC40B /* Resources */ = {
			isa = PBXGroup;
			children = (
			);
			name = Resources;
			sourceTree = "<group>";
		};
		DBC2C23A63A0466A8FD85FCD /* Source Files */ = {
			isa = PBXGroup;
			children = (
				DF0C3E2158A7492585FEDA2F /* /Users/williambogdanovic/Desktop/simulations/SoA/glimac/third-party/glad/src/glad.c */,
			);
			name = "Source Files";
			sourceTree = "<group>";
		};
/* End PBXGroup section */

/* Begin PBXNativeTarget section */
		9731CA41C57C5728ACF7EF0F /* BallsSimulation */ = {
			isa = PBXNativeTarget;
			buildConfigurationList = F7C6B66A7E0C499C8CE1E3FE /* Build configuration list for PBXNativeTarget "BallsSimulation" */;
			buildPhases = (
				D31058D91F4644A8B2E9E16F /* Sources */,
				A622D2AE4A0147AAB8508EE7 /* Frameworks */,
			);
			buildRules = (
			);
			dependencies = (
				B5D2EDA6A2C74B218CD91909 /* PBXTargetDependency */,
				BB33784A133A46A49A0577F5 /* PBXTargetDependency */,
			);
			name = BallsSimulation;
			productName = BallsSimulation;
			productReference = EE0FF291E6AD4B31A776FD8E /* BallsSimulation */;
			productType = "com.apple.product-type.tool";
		};
		D2E288B82FA5CF409098D949 /* glad */ = {
			isa = PBXNativeTarget;
			buildConfigurationList = 89A9C21D822247489A729B49 /* Build configuration list for PBXNativeTarget "glad" */;
			buildPhases = (
				8F52F55F023D4671951B52A4 /* Sources */,
				84A27B05E4FC40E2BF9D435D /* Frameworks */,
			);
			buildRules = (
			);
			dependencies = (
				2FDE48B998584A1AB32F80C2 /* PBXTargetDependency */,
			);
			name = glad;
			productName = glad;
			productReference = 99EAAD39965B441C89668123 /* glad */;
			productType = "com.apple.product-type.library.static";
		};
/* End PBXNativeTarget section */

/* Begin PBXProject section */
		A1EFF2D6A0F1422882AE07D9 /* Project object */ = {
			isa = PBXProject;
			attributes = {
				BuildIndependentTargetsInParallel = YES;
				LastUpgradeCheck = 1620;
			};
			buildConfigurationList = 531B32ECDAF64B40B878A7B6 /* Build configuration list for PBXProject "BallsSimulation" */;
			buildSettings = {
			};
			buildStyles = (
				C67D3E10CF8840AD82C4B1AE /* Debug */,
				4DC7337B218C4DA9800940A6 /* Release */,
				3F132C4D8E5043B0970234C2 /* MinSizeRel */,
				D58F7AA5084F431291B21687 /* RelWithDebInfo */,
			);
			compatibilityVersion = "Xcode 3.2";
			hasScannedForEncodings = 0;
			mainGroup = B5E149B8374B46398B01097E;
			projectDirPath = /Users/williambogdanovic/Desktop/simulations/SoA;
			projectRoot = "";
			targets = (
				D75014E4317DB050E1011050 /* ALL_BUILD */,
				9731CA41C57C5728ACF7EF0F /* BallsSimulation */,
				8539BA4900F76315F71E35DB /* ZERO_CHECK */,
				D2E288B82FA5CF409098D949 /* glad */,
			);
		};
/* End PBXProject section */

/* Begin PBXShellScriptBuildPhase section */
		3C0110FC8322DE7E50886E21 = {
			isa = PBXShellScriptBuildPhase;
			buildActionMask = 2147483647;
			files = (
			);
			inputPaths = (
			);
			outputPaths = (
			);
			runOnlyForDeploymentPostprocessing = 0;
			shellPath = /bin/sh;
			shellScript = "# shell script goes here
exit 0";
			showEnvVarsInLog = 0;
		};
		6D080BD9C166046B380C5E62 /* Generate CMakeFiles/ALL_BUILD */ = {
			isa = PBXShellScriptBuildPhase;
			alwaysOutOfDate = 1;
			buildActionMask = 2147483647;
			files = (
			);
			inputPaths = (
			);
			name = "Generate CMakeFiles/ALL_BUILD";
			outputPaths = (
/Users/williambogdanovic/Desktop/simulations/SoA/build_xcode/CMakeFiles/ALL_BUILD			);
			runOnlyForDeploymentPostprocessing = 0;
			shellPath = /bin/sh;
			shellScript = "set -e
if test \"$CONFIGURATION\" = \"Debug\"; then :
  cd /Users/williambogdanovic/Desktop/simulations/SoA/build_xcode
  echo Build\\ all\\ projects
fi
if test \"$CONFIGURATION\" = \"Release\"; then :
  cd /Users/williambogdanovic/Desktop/simulations/SoA/build_xcode
  echo Build\\ all\\ projects
fi
if test \"$CONFIGURATION\" = \"MinSizeRel\"; then :
  cd /Users/williambogdanovic/Desktop/simulations/SoA/build_xcode
  echo Build\\ all\\ projects
fi
if test \"$CONFIGURATION\" = \"RelWithDebInfo\"; then :
  cd /Users/williambogdanovic/Desktop/simulations/SoA/build_xcode
  echo Build\\ all\\ projects
fi
";
			showEnvVarsInLog = 0;
		};
		9B50530E35CC49C82C2FACCF = {
			isa = PBXShellScriptBuildPhase;
			buildActionMask = 2147483647;
			files = (
			);
			inputPaths = (
			);
			outputPaths = (
			);
			runOnlyForDeploymentPostprocessing = 0;
			shellPath = /bin/sh;
			shellScript = "# shell script goes here
exit 0";
			showEnvVarsInLog = 0;
		};
		C0B2A17904F075F5A921BE02 /* Generate CMakeFiles/ZERO_CHECK */ = {
			isa = PBXShellScriptBuildPhase;
			alwaysOutOfDate = 1;
			buildActionMask = 2147483647;
			files = (
			);
			inputPaths = (
			);
			name = "Generate CMakeFiles/ZERO_CHECK";
			outputPaths = (
/Users/williambogdanovic/Desktop/simulations/SoA/build_xcode/CMakeFiles/ZERO_CHECK			);
			runOnlyForDeploymentPostprocessing = 0;
			shellPath = /bin/sh;
			shellScript = "set -e
if test \"$CONFIGURATION\" = \"Debug\"; then :
  cd /Users/williambogdanovic/Desktop/simulations/SoA/build_xcode
  make -f /Users/williambogdanovic/Desktop/simulations/SoA/build_xcode/CMakeScripts/ReRunCMake.make
fi
if test \"$CONFIGURATION\" = \"Release\"; then :
  cd /Users/williambogdanovic/Desktop/simulations/SoA/build_xcode
  make -f /Users/williambogdanovic/Desktop/simulations/SoA/build_xcode/CMakeScripts/ReRunCMake.make
fi
if test \"$CONFIGURATION\" = \"MinSizeRel\"; then :
  cd /Users/williambogdanovic/Desktop/simulations/SoA/build_xcode
  make -f /Users/williambogdanovic/Desktop/simulations/SoA/build_xcode/CMakeScripts/ReRunCMake.make
fi
if test \"$CONFIGURATION\" = \"RelWithDebInfo\"; then :
  cd /Users/williambogdanovic/Desktop/simulations/SoA/build_xcode
  make -f /Users/williambogdanovic/Desktop/simulations/SoA/build_xcode/CMakeScripts/ReRunCMake.make
fi
";
			showEnvVarsInLog = 0;
		};
/* End PBXShellScriptBuildPhase section */

/* Begin PBXSourcesBuildPhase section */
		8F52F55F023D4671951B52A4 /* Sources */ = {
			isa = PBXSourcesBuildPhase;
			buildActionMask = 2147483647;
			files = (
				C175DF60B4464A8F8D8CC49F /* /Users/williambogdanovic/Desktop/simulations/SoA/glimac/third-party/glad/src/glad.c */,
			);
			runOnlyForDeploymentPostprocessing = 0;
		};
		D31058D91F4644A8B2E9E16F /* Sources */ = {
			isa = PBXSourcesBuildPhase;
			buildActionMask = 2147483647;
			files = (
				59CA32B19AF1430A9D848D60 /* /Users/williambogdanovic/Desktop/simulations/SoA/external/imgui/backends/imgui_impl_opengl3.cpp */,
				F8CBDA8839154294B5155D14 /* /Users/williambogdanovic/Desktop/simulations/SoA/external/imgui/backends/imgui_impl_sdl2.cpp */,
				2B036E191AD144328D7129BF /* /Users/williambogdanovic/Desktop/simulations/SoA/external/imgui/imgui.cpp */,
				91D0871645EB455C97D329AC /* /Users/williambogdanovic/Desktop/simulations/SoA/external/imgui/imgui_demo.cpp */,
				B0653FE06FB54E2F9B4F8C0F /* /Users/williambogdanovic/Desktop/simulations/SoA/external/imgui/imgui_draw.cpp */,
				EB307C2880234CA6B14ACFFC /* /Users/williambogdanovic/Desktop/simulations/SoA/external/imgui/imgui_tables.cpp */,
				CB4DA71DC4FE4993BFA14E35 /* /Users/williambogdanovic/Desktop/simulations/SoA/external/imgui/imgui_widgets.cpp */,
				0D602534A3E745C79B52A3AB /* /Users/williambogdanovic/Desktop/simulations/SoA/src/GUI.cpp */,
				8091EE6869744D9E81FB3A82 /* /Users/williambogdanovic/Desktop/simulations/SoA/src/Link.cpp */,
				65205FA4C3E949529CBC1437 /* /Users/williambogdanovic/Desktop/simulations/SoA/src/Renderer.cpp */,
				15C3F5F320324772BC01EC73 /* /Users/williambogdanovic/Desktop/simulations/SoA/src/SIMDIntegration.cpp */,
				7FBE977D913F4F5A9ED99D7E /* /Users/williambogdanovic/Desktop/simulations/SoA/src/Shader.cpp */,
				FD7F918F8BFE4BFD8F00EF5A /* /Users/williambogdanovic/Desktop/simulations/SoA/src/Simulation.cpp */,
				45A01A1915284CC3A7FDF17D /* /Users/williambogdanovic/Desktop/simulations/SoA/src/SimulationCreation.cpp */,
				1296F9994B1744C69393A6CC /* /Users/williambogdanovic/Desktop/simulations/SoA/src/main.cpp */,
			);
			runOnlyForDeploymentPostprocessing = 0;
		};
/* End PBXSourcesBuildPhase section */

/* Begin PBXTargetDependency section */
		2FDE48B998584A1AB32F80C2 /* PBXTargetDependency */ = {
			isa = PBXTargetDependency;
			target = 8539BA4900F76315F71E35DB /* ZERO_CHECK */;
			targetProxy = 46ECE4C603CD499783FA5D58 /* PBXContainerItemProxy */;
		};
		3C80D0AC3C2344CD867AC915 /* PBXTargetDependency */ = {
			isa = PBXTargetDependency;
			target = 8539BA4900F76315F71E35DB /* ZERO_CHECK */;
			targetProxy = CBE7C881D8EE48DB96262EC7 /* PBXContainerItemProxy */;
		};
		583AA14B61334D11B31572BA /* PBXTargetDependency */ = {
			isa = PBXTargetDependency;
			target = 9731CA41C57C5728ACF7EF0F /* BallsSimulation */;
			targetProxy = 8EAEC1E85EBE412E89BD872B /* PBXContainerItemProxy */;
		};
		78D399023B404BF5B3360E00 /* PBXTargetDependency */ = {
			isa = PBXTargetDependency;
			target = D2E288B82FA5CF409098D949 /* glad */;
			targetProxy = 96B8E6109E764AFA936FFF3F /* PBXContainerItemProxy */;
		};
		B5D2EDA6A2C74B218CD91909 /* PBXTargetDependency */ = {
			isa = PBXTargetDependency;
			target = D2E288B82FA5CF409098D949 /* glad */;
			targetProxy = 87F975F2103546B090550D3B /* PBXContainerItemProxy */;
		};
		BB33784A133A46A49A0577F5 /* PBXTargetDependency */ = {
			isa = PBXTargetDependency;
			target = 8539BA4900F76315F71E35DB /* ZERO_CHECK */;
			targetProxy = 4E172CA08F434004B70516AE /* PBXContainerItemProxy */;
		};
/* End PBXTargetDependency section */

/* Begin XCBuildConfiguration section */
		0BED8A70A9464238A4633521 /* MinSizeRel */ = {
			isa = XCBuildConfiguration;
			buildSettings = {
				ALWAYS_SEARCH_USER_PATHS = NO;
				ARCHS = arm64;
				COMBINE_HIDPI_IMAGES = YES;
				CONFIGURATION_BUILD_DIR = /Users/williambogdanovic/Desktop/simulations/SoA/build_xcode/MinSizeRel;
				EXECUTABLE_PREFIX = lib;
				EXECUTABLE_SUFFIX = .a;
				GCC_GENERATE_DEBUGGING_SYMBOLS = NO;
				GCC_INLINES_ARE_PRIVATE_EXTERN = NO;
				GCC_OPTIMIZATION_LEVEL = 2;
				GCC_PREPROCESSOR_DEFINITIONS = ("'CMAKE_INTDIR=\"$(CONFIGURATION)$(EFFECTIVE_PLATFORM_NAME)\"'","$(inherited)");
				GCC_SYMBOLS_PRIVATE_EXTERN = NO;
				HEADER_SEARCH_PATHS = ("/Users/williambogdanovic/Desktop/simulations/SoA/glimac/third-party/glad/include",/Users/williambogdanovic/Desktop/simulations/SoA/glimac,/Users/williambogdanovic/Desktop/simulations/SoA/external/imgui,/Users/williambogdanovic/Desktop/simulations/SoA/external/imgui/backends,/opt/homebrew/include,"$(inherited)");
				INSTALL_PATH = "";
				LIBRARY_STYLE = STATIC;
				ONLY_ACTIVE_ARCH = NO;
				OTHER_CFLAGS = ("-ftree-vectorize -fPIC -fstack-protector-strong     -pipe -isystem /Applications/miniconda3/include ","$(inherited)");
				OTHER_LIBTOOLFLAGS = ("");
				OTHER_REZFLAGS = "";
				PRODUCT_NAME = glad;
				SECTORDER_FLAGS = "";
				TARGET_TEMP_DIR = "/Users/williambogdanovic/Desktop/simulations/SoA/build_xcode/build/glad.build/$(CONFIGURATION)$(EFFECTIVE_PLATFORM_NAME)";
				USE_HEADERMAP = NO;
				WARNING_CFLAGS = ("$(inherited)");
			};
			name = MinSizeRel;
		};
		10AC28DF83AB4ED5878A74E1 /* Debug */ = {
			isa = XCBuildConfiguration;
			buildSettings = {
				ALWAYS_SEARCH_USER_PATHS = NO;
				ARCHS = arm64;
				COMBINE_HIDPI_IMAGES = YES;
				CONFIGURATION_BUILD_DIR = /Users/williambogdanovic/Desktop/simulations/SoA/build_xcode/Debug;
				EXECUTABLE_PREFIX = lib;
				EXECUTABLE_SUFFIX = .a;
				GCC_GENERATE_DEBUGGING_SYMBOLS = NO;
				GCC_INLINES_ARE_PRIVATE_EXTERN = NO;
				GCC_OPTIMIZATION_LEVEL = 2;
				GCC_PREPROCESSOR_DEFINITIONS = ("'CMAKE_INTDIR=\"$(CONFIGURATION)$(EFFECTIVE_PLATFORM_NAME)\"'","$(inherited)");
				GCC_SYMBOLS_PRIVATE_EXTERN = NO;
				HEADER_SEARCH_PATHS = ("/Users/williambogdanovic/Desktop/simulations/SoA/glimac/third-party/glad/include",/Users/williambogdanovic/Desktop/simulations/SoA/glimac,/Users/williambogdanovic/Desktop/simulations/SoA/external/imgui,/Users/williambogdanovic/Desktop/simulations/SoA/external/imgui/backends,/opt/homebrew/include,"$(inherited)");
				INSTALL_PATH = "";
				LIBRARY_STYLE = STATIC;
				ONLY_ACTIVE_ARCH = NO;
				OTHER_CFLAGS = ("-ftree-vectorize -fPIC -fstack-protector-strong     -pipe -isystem /Applications/miniconda3/include ","$(inherited)");
				OTHER_LIBTOOLFLAGS = ("");
				OTHER_REZFLAGS = "";
				PRODUCT_NAME = glad;
				SECTORDER_FLAGS = "";
				TARGET_TEMP_DIR = "/Users/williambogdanovic/Desktop/simulations/SoA/build_xcode/build/glad.build/$(CONFIGURATION)$(EFFECTIVE_PLATFORM_NAME)";
				USE_HEADERMAP = NO;
				WARNING_CFLAGS = ("$(inherited)");
			};
			name = Debug;
		};
		3349FBF24069447E97CF5276 /* Release */ = {
			isa = XCBuildConfiguration;
			buildSettings = {
				ALWAYS_SEARCH_USER_PATHS = NO;
				ARCHS = arm64;
				COMBINE_HIDPI_IMAGES = YES;
				CONFIGURATION_BUILD_DIR = /Users/williambogdanovic/Desktop/simulations/SoA/build_xcode/Release;
				EXECUTABLE_PREFIX = "";
				EXECUTABLE_SUFFIX = "";
				GCC_GENERATE_DEBUGGING_SYMBOLS = NO;
				GCC_INLINES_ARE_PRIVATE_EXTERN = NO;
				GCC_OPTIMIZATION_LEVEL = 3;
				GCC_PREPROCESSOR_DEFINITIONS = ("'CMAKE_INTDIR=\"$(CONFIGURATION)$(EFFECTIVE_PLATFORM_NAME)\"'","$(inherited)");
				GCC_SYMBOLS_PRIVATE_EXTERN = NO;
				HEADER_SEARCH_PATHS = ("/Users/williambogdanovic/Desktop/simulations/SoA/glimac/third-party/glad/include",/Users/williambogdanovic/Desktop/simulations/SoA/glimac,/Users/williambogdanovic/Desktop/simulations/SoA/external/imgui,/Users/williambogdanovic/Desktop/simulations/SoA/external/imgui/backends,/opt/homebrew/include,/opt/homebrew/include/SDL2,"$(inherited)");
				INSTALL_PATH = "";
				LD_RUNPATH_SEARCH_PATHS = (/opt/homebrew/lib,"$(inherited)");
				LIBRARY_SEARCH_PATHS = ("/opt/homebrew/lib/$(CONFIGURATION)$(EFFECTIVE_PLATFORM_NAME)",/opt/homebrew/lib,"$(inherited)");
				ONLY_ACTIVE_ARCH = NO;
				OTHER_CPLUSPLUSFLAGS = "    -DNDEBUG '-std=gnu++17' -D_THREAD_SAFE ";
				OTHER_LDFLAGS = ("-Wl,-headerpad_max_install_names -Wl,-dead_strip_dylibs -Wl,-rpath,/Applications/miniconda3/lib -L/Applications/miniconda3/lib -Wl,-search_paths_first -Wl,-headerpad_max_install_names","-lSDL2",/Users/williambogdanovic/Desktop/simulations/SoA/build_xcode/Release/libglad.a,"$(inherited)");
				OTHER_REZFLAGS = "";
				PRODUCT_NAME = BallsSimulation;
				SECTORDER_FLAGS = "";
				TARGET_TEMP_DIR = "/Users/williambogdanovic/Desktop/simulations/SoA/build_xcode/build/BallsSimulation.build/$(CONFIGURATION)$(EFFECTIVE_PLATFORM_NAME)";
				USE_HEADERMAP = NO;
				WARNING_CFLAGS = ("$(inherited)");
			};
			name = Release;
		};
		49352437275E45EA88903BE0 /* Debug */ = {
			isa = XCBuildConfiguration;
			buildSettings = {
				ALWAYS_SEARCH_USER_PATHS = NO;
				ARCHS = arm64;
				COMBINE_HIDPI_IMAGES = YES;
				GCC_GENERATE_DEBUGGING_SYMBOLS = YES;
				GCC_INLINES_ARE_PRIVATE_EXTERN = NO;
				GCC_OPTIMIZATION_LEVEL = 0;
				GCC_PREPROCESSOR_DEFINITIONS = ("'CMAKE_INTDIR=\"$(CONFIGURATION)$(EFFECTIVE_PLATFORM_NAME)\"'","$(inherited)");
				GCC_SYMBOLS_PRIVATE_EXTERN = NO;
				INSTALL_PATH = "";
				ONLY_ACTIVE_ARCH = NO;
				OTHER_LDFLAGS = ("","$(inherited)");
				OTHER_REZFLAGS = "";
				PRODUCT_NAME = ZERO_CHECK;
				SECTORDER_FLAGS = "";
				USE_HEADERMAP = NO;
				WARNING_CFLAGS = ("$(inherited)");
			};
			name = Debug;
		};
		4DE354C1EBBC464DB3E115B7 /* Debug */ = {
			isa = XCBuildConfiguration;
			buildSettings = {
				ALWAYS_SEARCH_USER_PATHS = NO;
				ARCHS = arm64;
				COMBINE_HIDPI_IMAGES = YES;
				CONFIGURATION_BUILD_DIR = /Users/williambogdanovic/Desktop/simulations/SoA/build_xcode/Debug;
				EXECUTABLE_PREFIX = "";
				EXECUTABLE_SUFFIX = "";
				GCC_GENERATE_DEBUGGING_SYMBOLS = YES;
				GCC_INLINES_ARE_PRIVATE_EXTERN = NO;
				GCC_OPTIMIZATION_LEVEL = 0;
				GCC_PREPROCESSOR_DEFINITIONS = ("'CMAKE_INTDIR=\"$(CONFIGURATION)$(EFFECTIVE_PLATFORM_NAME)\"'","$(inherited)");
				GCC_SYMBOLS_PRIVATE_EXTERN = NO;
				HEADER_SEARCH_PATHS = ("/Users/williambogdanovic/Desktop/simulations/SoA/glimac/third-party/glad/include",/Users/williambogdanovic/Desktop/simulations/SoA/glimac,/Users/williambogdanovic/Desktop/simulations/SoA/external/imgui,/Users/williambogdanovic/Desktop/simulations/SoA/external/imgui/backends,/opt/homebrew/include,/opt/homebrew/include/SDL2,"$(inherited)");
				INSTALL_PATH = "";
				LD_RUNPATH_SEARCH_PATHS = (/opt/homebrew/lib,"$(inherited)");
				LIBRARY_SEARCH_PATHS = ("/opt/homebrew/lib/$(CONFIGURATION)$(EFFECTIVE_PLATFORM_NAME)",/opt/homebrew/lib,"$(inherited)");
				ONLY_ACTIVE_ARCH = NO;
				OTHER_CPLUSPLUSFLAGS = "   '-std=gnu++17' -D_THREAD_SAFE ";
				OTHER_LDFLAGS = ("-Wl,-headerpad_max_install_names -Wl,-dead_strip_dylibs -Wl,-rpath,/Applications/miniconda3/lib -L/Applications/miniconda3/lib -Wl,-search_paths_first -Wl,-headerpad_max_install_names","-lSDL2",/Users/williambogdanovic/Desktop/simulations/SoA/build_xcode/Debug/libglad.a,"$(inherited)");
				OTHER_REZFLAGS = "";
				PRODUCT_NAME = BallsSimulation;
				SECTORDER_FLAGS = "";
				TARGET_TEMP_DIR = "/Users/williambogdanovic/Desktop/simulations/SoA/build_xcode/build/BallsSimulation.build/$(CONFIGURATION)$(EFFECTIVE_PLATFORM_NAME)";
				USE_HEADERMAP = NO;
				WARNING_CFLAGS = ("$(inherited)");
			};
			name = Debug;
		};
		5B13FA269BCA462A912C17B3 /* Debug */ = {
			isa = XCBuildConfiguration;
			buildSettings = {
				ALWAYS_SEARCH_USER_PATHS = NO;
				ARCHS = arm64;
				COMBINE_HIDPI_IMAGES = YES;
				GCC_GENERATE_DEBUGGING_SYMBOLS = YES;
				GCC_INLINES_ARE_PRIVATE_EXTERN = NO;
				GCC_OPTIMIZATION_LEVEL = 0;
				GCC_PREPROCESSOR_DEFINITIONS = ("'CMAKE_INTDIR=\"$(CONFIGURATION)$(EFFECTIVE_PLATFORM_NAME)\"'","$(inherited)");
				GCC_SYMBOLS_PRIVATE_EXTERN = NO;
				INSTALL_PATH = "";
				ONLY_ACTIVE_ARCH = NO;
				OTHER_LDFLAGS = ("","$(inherited)");
				OTHER_REZFLAGS = "";
				PRODUCT_NAME = ALL_BUILD;
				SECTORDER_FLAGS = "";
				USE_HEADERMAP = NO;
				WARNING_CFLAGS = ("$(inherited)");
			};
			name = Debug;
		};
		6A07873A607F41CC853559A1 /* MinSizeRel */ = {
			isa = XCBuildConfiguration;
			buildSettings = {
				ALWAYS_SEARCH_USER_PATHS = NO;
				ARCHS = arm64;
				COMBINE_HIDPI_IMAGES = YES;
				CONFIGURATION_BUILD_DIR = /Users/williambogdanovic/Desktop/simulations/SoA/build_xcode/MinSizeRel;
				EXECUTABLE_PREFIX = "";
				EXECUTABLE_SUFFIX = "";
				GCC_GENERATE_DEBUGGING_SYMBOLS = NO;
				GCC_INLINES_ARE_PRIVATE_EXTERN = NO;
				GCC_OPTIMIZATION_LEVEL = s;
				GCC_PREPROCESSOR_DEFINITIONS = ("'CMAKE_INTDIR=\"$(CONFIGURATION)$(EFFECTIVE_PLATFORM_NAME)\"'","$(inherited)");
				GCC_SYMBOLS_PRIVATE_EXTERN = NO;
				HEADER_SEARCH_PATHS = ("/Users/williambogdanovic/Desktop/simulations/SoA/glimac/third-party/glad/include",/Users/williambogdanovic/Desktop/simulations/SoA/glimac,/Users/williambogdanovic/Desktop/simulations/SoA/external/imgui,/Users/williambogdanovic/Desktop/simulations/SoA/external/imgui/backends,/opt/homebrew/include,/opt/homebrew/include/SDL2,"$(inherited)");
				INSTALL_PATH = "";
				LD_RUNPATH_SEARCH_PATHS = (/opt/homebrew/lib,"$(inherited)");
				LIBRARY_SEARCH_PATHS = ("/opt/homebrew/lib/$(CONFIGURATION)$(EFFECTIVE_PLATFORM_NAME)",/opt/homebrew/lib,"$(inherited)");
				ONLY_ACTIVE_ARCH = NO;
				OTHER_CPLUSPLUSFLAGS = "    -DNDEBUG '-std=gnu++17' -D_THREAD_SAFE ";
				OTHER_LDFLAGS = ("-Wl,-headerpad_max_install_names -Wl,-dead_strip_dylibs -Wl,-rpath,/Applications/miniconda3/lib -L/Applications/miniconda3/lib -Wl,-search_paths_first -Wl,-headerpad_max_install_names","-lSDL2",/Users/williambogdanovic/Desktop/simulations/SoA/build_xcode/MinSizeRel/libglad.a,"$(inherited)");
				OTHER_REZFLAGS = "";
				PRODUCT_NAME = BallsSimulation;
				SECTORDER_FLAGS = "";
				TARGET_TEMP_DIR = "/Users/williambogdanovic/Desktop/simulations/SoA/build_xcode/build/BallsSimulation.build/$(CONFIGURATION)$(EFFECTIVE_PLATFORM_NAME)";
				USE_HEADERMAP = NO;
				WARNING_CFLAGS = ("$(inherited)");
			};
			name = MinSizeRel;
		};
		7D526A041A5E425C8C0529A7 /* Release */ = {
			isa = XCBuildConfiguration;
			buildSettings = {
				ALWAYS_SEARCH_USER_PATHS = NO;
				ARCHS = arm64;
				COMBINE_HIDPI_IMAGES = YES;
				GCC_GENERATE_DEBUGGING_SYMBOLS = YES;
				GCC_INLINES_ARE_PRIVATE_EXTERN = NO;
				GCC_OPTIMIZATION_LEVEL = 0;
				GCC_PREPROCESSOR_DEFINITIONS = ("'CMAKE_INTDIR=\"$(CONFIGURATION)$(EFFECTIVE_PLATFORM_NAME)\"'","$(inherited)");
				GCC_SYMBOLS_PRIVATE_EXTERN = NO;
				INSTALL_PATH = "";
				ONLY_ACTIVE_ARCH = NO;
				OTHER_LDFLAGS = ("","$(inherited)");
				OTHER_REZFLAGS = "";
				PRODUCT_NAME = ZERO_CHECK;
				SECTORDER_FLAGS = "";
				USE_HEADERMAP = NO;
				WARNING_CFLAGS = ("$(inherited)");
			};
			name = Release;
		};
		82E4952E4DF54AB6BF888A5A /* Release */ = {
			isa = XCBuildConfiguration;
			buildSettings = {
				ALWAYS_SEARCH_USER_PATHS = NO;
				ARCHS = arm64;
				COMBINE_HIDPI_IMAGES = YES;
				GCC_GENERATE_DEBUGGING_SYMBOLS = YES;
				GCC_INLINES_ARE_PRIVATE_EXTERN = NO;
				GCC_OPTIMIZATION_LEVEL = 0;
				GCC_PREPROCESSOR_DEFINITIONS = ("'CMAKE_INTDIR=\"$(CONFIGURATION)$(EFFECTIVE_PLATFORM_NAME)\"'","$(inherited)");
				GCC_SYMBOLS_PRIVATE_EXTERN = NO;
				INSTALL_PATH = "";
				ONLY_ACTIVE_ARCH = NO;
				OTHER_LDFLAGS = ("","$(inherited)");
				OTHER_REZFLAGS = "";
				PRODUCT_NAME = ALL_BUILD;
				SECTORDER_FLAGS = "";
				USE_HEADERMAP = NO;
				WARNING_CFLAGS = ("$(inherited)");
			};
			name = Release;
		};
		ADA80F7327904B5594A53DE0 /* Debug */ = {
			isa = XCBuildConfiguration;
			buildSettings = {
				ARCHS = arm64;
				SDKROOT = /Applications/Xcode.app/Contents/Developer/Platforms/MacOSX.platform/Developer/SDKs/MacOSX.sdk;
				SYMROOT = /Users/williambogdanovic/Desktop/simulations/SoA/build_xcode/build;
			};
			name = Debug;
		};
		B0DD2BE1D61F4E0E86280BB0 /* MinSizeRel */ = {
			isa = XCBuildConfiguration;
			buildSettings = {
				ALWAYS_SEARCH_USER_PATHS = NO;
				ARCHS = arm64;
				COMBINE_HIDPI_IMAGES = YES;
				GCC_GENERATE_DEBUGGING_SYMBOLS = YES;
				GCC_INLINES_ARE_PRIVATE_EXTERN = NO;
				GCC_OPTIMIZATION_LEVEL = 0;
				GCC_PREPROCESSOR_DEFINITIONS = ("'CMAKE_INTDIR=\"$(CONFIGURATION)$(EFFECTIVE_PLATFORM_NAME)\"'","$(inherited)");
				GCC_SYMBOLS_PRIVATE_EXTERN = NO;
				INSTALL_PATH = "";
				ONLY_ACTIVE_ARCH = NO;
				OTHER_LDFLAGS = ("","$(inherited)");
				OTHER_REZFLAGS = "";
				PRODUCT_NAME = ALL_BUILD;
				SECTORDER_FLAGS = "";
				USE_HEADERMAP = NO;
				WARNING_CFLAGS = ("$(inherited)");
			};
			name = MinSizeRel;
		};
		C2321C7B03314887B4BB5CC4 /* RelWithDebInfo */ = {
			isa = XCBuildConfiguration;
			buildSettings = {
				ARCHS = arm64;
				SDKROOT = /Applications/Xcode.app/Contents/Developer/Platforms/MacOSX.platform/Developer/SDKs/MacOSX.sdk;
				SWIFT_COMPILATION_MODE = wholemodule;
				SYMROOT = /Users/williambogdanovic/Desktop/simulations/SoA/build_xcode/build;
			};
			name = RelWithDebInfo;
		};
		C450FA93DEE443318D31317A /* Release */ = {
			isa = XCBuildConfiguration;
			buildSettings = {
				ALWAYS_SEARCH_USER_PATHS = NO;
				ARCHS = arm64;
				COMBINE_HIDPI_IMAGES = YES;
				CONFIGURATION_BUILD_DIR = /Users/williambogdanovic/Desktop/simulations/SoA/build_xcode/Release;
				EXECUTABLE_PREFIX = lib;
				EXECUTABLE_SUFFIX = .a;
				GCC_GENERATE_DEBUGGING_SYMBOLS = NO;
				GCC_INLINES_ARE_PRIVATE_EXTERN = NO;
				GCC_OPTIMIZATION_LEVEL = 2;
				GCC_PREPROCESSOR_DEFINITIONS = ("'CMAKE_INTDIR=\"$(CONFIGURATION)$(EFFECTIVE_PLATFORM_NAME)\"'","$(inherited)");
				GCC_SYMBOLS_PRIVATE_EXTERN = NO;
				HEADER_SEARCH_PATHS = ("/Users/williambogdanovic/Desktop/simulations/SoA/glimac/third-party/glad/include",/Users/williambogdanovic/Desktop/simulations/SoA/glimac,/Users/williambogdanovic/Desktop/simulations/SoA/external/imgui,/Users/williambogdanovic/Desktop/simulations/SoA/external/imgui/backends,/opt/homebrew/include,"$(inherited)");
				INSTALL_PATH = "";
				LIBRARY_STYLE = STATIC;
				ONLY_ACTIVE_ARCH = NO;
				OTHER_CFLAGS = ("-ftree-vectorize -fPIC -fstack-protector-strong     -pipe -isystem /Applications/miniconda3/include ","$(inherited)");
				OTHER_LIBTOOLFLAGS = ("");
				OTHER_REZFLAGS = "";
				PRODUCT_NAME = glad;
				SECTORDER_FLAGS = "";
				TARGET_TEMP_DIR = "/Users/williambogdanovic/Desktop/simulations/SoA/build_xcode/build/glad.build/$(CONFIGURATION)$(EFFECTIVE_PLATFORM_NAME)";
				USE_HEADERMAP = NO;
				WARNING_CFLAGS = ("$(inherited)");
			};
			name = Release;
		};
		C4574EA2B936418F88409551 /* MinSizeRel */ = {
			isa = XCBuildConfiguration;
			buildSettings = {
				ALWAYS_SEARCH_USER_PATHS = NO;
				ARCHS = arm64;
				COMBINE_HIDPI_IMAGES = YES;
				GCC_GENERATE_DEBUGGING_SYMBOLS = YES;
				GCC_INLINES_ARE_PRIVATE_EXTERN = NO;
				GCC_OPTIMIZATION_LEVEL = 0;
				GCC_PREPROCESSOR_DEFINITIONS = ("'CMAKE_INTDIR=\"$(CONFIGURATION)$(EFFECTIVE_PLATFORM_NAME)\"'","$(inherited)");
				GCC_SYMBOLS_PRIVATE_EXTERN = NO;
				INSTALL_PATH = "";
				ONLY_ACTIVE_ARCH = NO;
				OTHER_LDFLAGS = ("","$(inherited)");
				OTHER_REZFLAGS = "";
				PRODUCT_NAME = ZERO_CHECK;
				SECTORDER_FLAGS = "";
				USE_HEADERMAP = NO;
				WARNING_CFLAGS = ("$(inherited)");
			};
			name = MinSizeRel;
		};
		CAC742BEDE544A54BDF76F6C /* RelWithDebInfo */ = {
			isa = XCBuildConfiguration;
			buildSettings = {
				ALWAYS_SEARCH_USER_PATHS = NO;
				ARCHS = arm64;
				COMBINE_HIDPI_IMAGES = YES;
				GCC_GENERATE_DEBUGGING_SYMBOLS = YES;
				GCC_INLINES_ARE_PRIVATE_EXTERN = NO;
				GCC_OPTIMIZATION_LEVEL = 0;
				GCC_PREPROCESSOR_DEFINITIONS = ("'CMAKE_INTDIR=\"$(CONFIGURATION)$(EFFECTIVE_PLATFORM_NAME)\"'","$(inherited)");
				GCC_SYMBOLS_PRIVATE_EXTERN = NO;
				INSTALL_PATH = "";
				ONLY_ACTIVE_ARCH = NO;
				OTHER_LDFLAGS = ("","$(inherited)");
				OTHER_REZFLAGS = "";
				PRODUCT_NAME = ZERO_CHECK;
				SECTORDER_FLAGS = "";
				USE_HEADERMAP = NO;
				WARNING_CFLAGS = ("$(inherited)");
			};
			name = RelWithDebInfo;
		};
		CC6E3B7E0E774118AB6DA2FD /* RelWithDebInfo */ = {
			isa = XCBuildConfiguration;
			buildSettings = {
				ALWAYS_SEARCH_USER_PATHS = NO;
				ARCHS = arm64;
				COMBINE_HIDPI_IMAGES = YES;
				GCC_GENERATE_DEBUGGING_SYMBOLS = YES;
				GCC_INLINES_ARE_PRIVATE_EXTERN = NO;
				GCC_OPTIMIZATION_LEVEL = 0;
				GCC_PREPROCESSOR_DEFINITIONS = ("'CMAKE_INTDIR=\"$(CONFIGURATION)$(EFFECTIVE_PLATFORM_NAME)\"'","$(inherited)");
				GCC_SYMBOLS_PRIVATE_EXTERN = NO;
				INSTALL_PATH = "";
				ONLY_ACTIVE_ARCH = NO;
				OTHER_LDFLAGS = ("","$(inherited)");
				OTHER_REZFLAGS = "";
				PRODUCT_NAME = ALL_BUILD;
				SECTORDER_FLAGS = "";
				USE_HEADERMAP = NO;
				WARNING_CFLAGS = ("$(inherited)");
			};
			name = RelWithDebInfo;
		};
		D2A9CD78585B43E1AC589C21 /* MinSizeRel */ = {
			isa = XCBuildConfiguration;
			buildSettings = {
				ARCHS = arm64;
				SDKROOT = /Applications/Xcode.app/Contents/Developer/Platforms/MacOSX.platform/Developer/SDKs/MacOSX.sdk;
				SWIFT_COMPILATION_MODE = wholemodule;
				SYMROOT = /Users/williambogdanovic/Desktop/simulations/SoA/build_xcode/build;
			};
			name = MinSizeRel;
		};
		E3E01F6C88BA4B859EBA4F72 /* RelWithDebInfo */ = {
			isa = XCBuildConfiguration;
			buildSettings = {
				ALWAYS_SEARCH_USER_PATHS = NO;
				ARCHS = arm64;
				COMBINE_HIDPI_IMAGES = YES;
				CONFIGURATION_BUILD_DIR = /Users/williambogdanovic/Desktop/simulations/SoA/build_xcode/RelWithDebInfo;
				EXECUTABLE_PREFIX = lib;
				EXECUTABLE_SUFFIX = .a;
				GCC_GENERATE_DEBUGGING_SYMBOLS = NO;
				GCC_INLINES_ARE_PRIVATE_EXTERN = NO;
				GCC_OPTIMIZATION_LEVEL = 2;
				GCC_PREPROCESSOR_DEFINITIONS = ("'CMAKE_INTDIR=\"$(CONFIGURATION)$(EFFECTIVE_PLATFORM_NAME)\"'","$(inherited)");
				GCC_SYMBOLS_PRIVATE_EXTERN = NO;
				HEADER_SEARCH_PATHS = ("/Users/williambogdanovic/Desktop/simulations/SoA/glimac/third-party/glad/include",/Users/williambogdanovic/Desktop/simulations/SoA/glimac,/Users/williambogdanovic/Desktop/simulations/SoA/external/imgui,/Users/williambogdanovic/Desktop/simulations/SoA/external/imgui/backends,/opt/homebrew/include,"$(inherited)");
				INSTALL_PATH = "";
				LIBRARY_STYLE = STATIC;
				ONLY_ACTIVE_ARCH = NO;
				OTHER_CFLAGS = ("-ftree-vectorize -fPIC -fstack-protector-strong     -pipe -isystem /Applications/miniconda3/include ","$(inherited)");
				OTHER_LIBTOOLFLAGS = ("");
				OTHER_REZFLAGS = "";
				PRODUCT_NAME = glad;
				SECTORDER_FLAGS = "";
				TARGET_TEMP_DIR = "/Users/williambogdanovic/Desktop/simulations/SoA/build_xcode/build/glad.build/$(CONFIGURATION)$(EFFECTIVE_PLATFORM_NAME)";
				USE_HEADERMAP = NO;
				WARNING_CFLAGS = ("$(inherited)");
			};
			name = RelWithDebInfo;
		};
		E88729C0DE8B4AFA80879405 /* RelWithDebInfo */ = {
			isa = XCBuildConfiguration;
			buildSettings = {
				ALWAYS_SEARCH_USER_PATHS = NO;
				ARCHS = arm64;
				COMBINE_HIDPI_IMAGES = YES;
				CONFIGURATION_BUILD_DIR = /Users/williambogdanovic/Desktop/simulations/SoA/build_xcode/RelWithDebInfo;
				EXECUTABLE_PREFIX = "";
				EXECUTABLE_SUFFIX = "";
				GCC_GENERATE_DEBUGGING_SYMBOLS = YES;
				GCC_INLINES_ARE_PRIVATE_EXTERN = NO;
				GCC_OPTIMIZATION_LEVEL = 2;
				GCC_PREPROCESSOR_DEFINITIONS = ("'CMAKE_INTDIR=\"$(CONFIGURATION)$(EFFECTIVE_PLATFORM_NAME)\"'","$(inherited)");
				GCC_SYMBOLS_PRIVATE_EXTERN = NO;
				HEADER_SEARCH_PATHS = ("/Users/williambogdanovic/Desktop/simulations/SoA/glimac/third-party/glad/include",/Users/williambogdanovic/Desktop/simulations/SoA/glimac,/Users/williambogdanovic/Desktop/simulations/SoA/external/imgui,/Users/williambogdanovic/Desktop/simulations/SoA/external/imgui/backends,/opt/homebrew/include,/opt/homebrew/include/SDL2,"$(inherited)");
				INSTALL_PATH = "";
				LD_RUNPATH_SEARCH_PATHS = (/opt/homebrew/lib,"$(inherited)");
				LIBRARY_SEARCH_PATHS = ("/opt/homebrew/lib/$(CONFIGURATION)$(EFFECTIVE_PLATFORM_NAME)",/opt/homebrew/lib,"$(inherited)");
				ONLY_ACTIVE_ARCH = NO;
				OTHER_CPLUSPLUSFLAGS = "       -DNDEBUG '-std=gnu++17' -D_THREAD_SAFE ";
				OTHER_LDFLAGS = ("-Wl,-headerpad_max_install_names -Wl,-dead_strip_dylibs -Wl,-rpath,/Applications/miniconda3/lib -L/Applications/miniconda3/lib -Wl,-search_paths_first -Wl,-headerpad_max_install_names","-lSDL2",/Users/williambogdanovic/Desktop/simulations/SoA/build_xcode/RelWithDebInfo/libglad.a,"$(inherited)");
				OTHER_REZFLAGS = "";
				PRODUCT_NAME = BallsSimulation;
				SECTORDER_FLAGS = "";
				TARGET_TEMP_DIR = "/Users/williambogdanovic/Desktop/simulations/SoA/build_xcode/build/BallsSimulation.build/$(CONFIGURATION)$(EFFECTIVE_PLATFORM_NAME)";
				USE_HEADERMAP = NO;
				WARNING_CFLAGS = ("$(inherited)");
			};
			name = RelWithDebInfo;
		};
		F200A197D64149EBB85CCFE7 /* Release */ = {
			isa = XCBuildConfiguration;
			buildSettings = {
				ARCHS = arm64;
				SDKROOT = /Applications/Xcode.app/Contents/Developer/Platforms/MacOSX.platform/Developer/SDKs/MacOSX.sdk;
				SWIFT_COMPILATION_MODE = wholemodule;
				SYMROOT = /Users/williambogdanovic/Desktop/simulations/SoA/build_xcode/build;
			};
			name = Release;
		};
/* End XCBuildConfiguration section */

/* Begin XCConfigurationList section */
		531B32ECDAF64B40B878A7B6 /* Build configuration list for PBXProject "BallsSimulation" */ = {
			isa = XCConfigurationList;
			buildConfigurations = (
				ADA80F7327904B5594A53DE0 /* Debug */,
				F200A197D64149EBB85CCFE7 /* Release */,
				D2A9CD78585B43E1AC589C21 /* MinSizeRel */,
				C2321C7B03314887B4BB5CC4 /* RelWithDebInfo */,
			);
			defaultConfigurationIsVisible = 0;
			defaultConfigurationName = Debug;
		};
		589470B9EC7046C992ED903A /* Build configuration list for PBXAggregateTarget "ALL_BUILD" */ = {
			isa = XCConfigurationList;
			buildConfigurations = (
				5B13FA269BCA462A912C17B3 /* Debug */,
				82E4952E4DF54AB6BF888A5A /* Release */,
				B0DD2BE1D61F4E0E86280BB0 /* MinSizeRel */,
				CC6E3B7E0E774118AB6DA2FD /* RelWithDebInfo */,
			);
			defaultConfigurationIsVisible = 0;
			defaultConfigurationName = Debug;
		};
		7A605D8A45D44ACA948A13E1 /* Build configuration list for PBXAggregateTarget "ZERO_CHECK" */ = {
			isa = XCConfigurationList;
			buildConfigurations = (
				49352437275E45EA88903BE0 /* Debug */,
				7D526A041A5E425C8C0529A7 /* Release */,
				C4574EA2B936418F88409551 /* MinSizeRel */,
				CAC742BEDE544A54BDF76F6C /* RelWithDebInfo */,
			);
			defaultConfigurationIsVisible = 0;
			defaultConfigurationName = Debug;
		};
		89A9C21D822247489A729B49 /* Build configuration list for PBXNativeTarget "glad" */ = {
			isa = XCConfigurationList;
			buildConfigurations = (
				10AC28DF83AB4ED5878A74E1 /* Debug */,
				C450FA93DEE443318D31317A /* Release */,
				0BED8A70A9464238A4633521 /* MinSizeRel */,
				E3E01F6C88BA4B859EBA4F72 /* RelWithDebInfo */,
			);
			defaultConfigurationIsVisible = 0;
			defaultConfigurationName = Debug;
		};
		F7C6B66A7E0C499C8CE1E3FE /* Build configuration list for PBXNativeTarget "BallsSimulation" */ = {
			isa = XCConfigurationList;
			buildConfigurations = (
				4DE354C1EBBC464DB3E115B7 /* Debug */,
				3349FBF24069447E97CF5276 /* Release */,
				6A07873A607F41CC853559A1 /* MinSizeRel */,
				E88729C0DE8B4AFA80879405 /* RelWithDebInfo */,
			);
			defaultConfigurationIsVisible = 0;
			defaultConfigurationName = Debug;
		};
/* End XCConfigurationList section */
	};
	rootObject = A1EFF2D6A0F1422882AE07D9 /* Project object */;
}
